<Solution>
  <Folder Name="/src/">
    <Project Path="src/AzureSuite.Api/AzureSuite.Api.csproj" />
    <Project Path="src/AzureSuite.Application/AzureSuite.Application.csproj" />
    <Project Path="src/AzureSuite.Domain/AzureSuite.Domain.csproj" />
    <Project Path="src/AzureSuite.Functions/AzureSuite.Functions.csproj" />
    <Project Path="src/AzureSuite.Infrastructure/AzureSuite.Infrastructure.csproj" />
    <Project Path="src/AzureSuite.Web/AzureSuite.Web.csproj" />
  </Folder>
  <Folder Name="/tests/">
    <Project Path="tests/AzureSuite.Tests/AzureSuite.Tests.csproj" />
  </Folder>
</Solution>
